
Microsoft Visual Studio Solution File, Format Version 12.00
# Visual Studio Version 17
VisualStudioVersion = 17.8.34525.116
MinimumVisualStudioVersion = 10.0.40219.1
Project("{8BC9CEB8-8B4A-11D0-8D11-00A0C91BC942}") = "Lab3_vika", "Lab3_vika\Lab3_vika.vcxproj", "{DC8E11D6-A4F5-4F50-9C9F-F7EC5025D38A}"
EndProject
Global
	GlobalSection(SolutionConfigurationPlatforms) = preSolution
		Debug|x64 = Debug|x64
		Debug|x86 = Debug|x86
		Release|x64 = Release|x64
		Release|x86 = Release|x86
	EndGlobalSection
	GlobalSection(ProjectConfigurationPlatforms) = postSolution
		{DC8E11D6-A4F5-4F50-9C9F-F7EC5025D38A}.Debug|x64.ActiveCfg = Debug|x64
		{DC8E11D6-A4F5-4F50-9C9F-F7EC5025D38A}.Debug|x64.Build.0 = Debug|x64
		{DC8E11D6-A4F5-4F50-9C9F-F7EC5025D38A}.Debug|x86.ActiveCfg = Debug|Win32
		{DC8E11D6-A4F5-4F50-9C9F-F7EC5025D38A}.Debug|x86.Build.0 = Debug|Win32
		{DC8E11D6-A4F5-4F50-9C9F-F7EC5025D38A}.Release|x64.ActiveCfg = Release|x64
		{DC8E11D6-A4F5-4F50-9C9F-F7EC5025D38A}.Release|x64.Build.0 = Release|x64
		{DC8E11D6-A4F5-4F50-9C9F-F7EC5025D38A}.Release|x86.ActiveCfg = Release|Win32
		{DC8E11D6-A4F5-4F50-9C9F-F7EC5025D38A}.Release|x86.Build.0 = Release|Win32
	EndGlobalSection
	GlobalSection(SolutionProperties) = preSolution
		HideSolutionNode = FALSE
	EndGlobalSection
	GlobalSection(ExtensibilityGlobals) = postSolution
		SolutionGuid = {333A5003-43F5-416F-8426-3E10906704EE}
	EndGlobalSection
EndGlobal
